// !$*UTF8*$!
{
	archiveVersion = 1;
	classes = {
	};
	objectVersion = 77;
	objects = {

/* Begin PBXContainerItemProxy section */
		E7931E4A2D59A4B20059F241 /* PBXContainerItemProxy */ = {
			isa = PBXContainerItemProxy;
			containerPortal = E7931E312D59A4B10059F241 /* Project object */;
			proxyType = 1;
			remoteGlobalIDString = E7931E382D59A4B10059F241;
			remoteInfo = Ben_test;
		};
		E7931E542D59A4B20059F241 /* PBXContainerItemProxy */ = {
			isa = PBXContainerItemProxy;
			containerPortal = E7931E312D59A4B10059F241 /* Project object */;
			proxyType = 1;
			remoteGlobalIDString = E7931E382D59A4B10059F241;
			remoteInfo = Ben_test;
		};
/* End PBXContainerItemProxy section */

/* Begin PBXFileReference section */
		E7931E392D59A4B10059F241 /* Ben_test.app */ = {isa = PBXFileReference; explicitFileType = wrapper.application; includeInIndex = 0; path = Ben_test.app; sourceTree = BUILT_PRODUCTS_DIR; };
		E7931E492D59A4B20059F241 /* Ben_testTests.xctest */ = {isa = PBXFileReference; explicitFileType = wrapper.cfbundle; includeInIndex = 0; path = Ben_testTests.xctest; sourceTree = BUILT_PRODUCTS_DIR; };
		E7931E532D59A4B20059F241 /* Ben_testUITests.xctest */ = {isa = PBXFileReference; explicitFileType = wrapper.cfbundle; includeInIndex = 0; path = Ben_testUITests.xctest; sourceTree = BUILT_PRODUCTS_DIR; };
/* End PBXFileReference section */

/* Begin PBXFileSystemSynchronizedRootGroup section */
		E7931E3B2D59A4B10059F241 /* Ben_test */ = {
			isa = PBXFileSystemSynchronizedRootGroup;
			path = Ben_test;
			sourceTree = "<group>";
		};
		E7931E4C2D59A4B20059F241 /* Ben_testTests */ = {
			isa = PBXFileSystemSynchronizedRootGroup;
			path = Ben_testTests;
			sourceTree = "<group>";
		};
		E7931E562D59A4B20059F241 /* Ben_testUITests */ = {
			isa = PBXFileSystemSynchronizedRootGroup;
			path = Ben_testUITests;
			sourceTree = "<group>";
		};
/* End PBXFileSystemSynchronizedRootGroup section */

/* Begin PBXFrameworksBuildPhase section */
		E7931E362D59A4B10059F241 /* Frameworks */ = {
			isa = PBXFrameworksBuildPhase;
			buildActionMask = 2147483647;
			files = (
			);
			runOnlyForDeploymentPostprocessing = 0;
		};
		E7931E462D59A4B20059F241 /* Frameworks */ = {
			isa = PBXFrameworksBuildPhase;
			buildActionMask = 2147483647;
			files = (
			);
			runOnlyForDeploymentPostprocessing = 0;
		};
		E7931E502D59A4B20059F241 /* Frameworks */ = {
			isa = PBXFrameworksBuildPhase;
			buildActionMask = 2147483647;
			files = (
			);
			runOnlyForDeploymentPostprocessing = 0;
		};
/* End PBXFrameworksBuildPhase section */

/* Begin PBXGroup section */
		E7931E302D59A4B10059F241 = {
			isa = PBXGroup;
			children = (
				E7931E3B2D59A4B10059F241 /* Ben_test */,
				E7931E4C2D59A4B20059F241 /* Ben_testTests */,
				E7931E562D59A4B20059F241 /* Ben_testUITests */,
				E7931E3A2D59A4B10059F241 /* Products */,
			);
			sourceTree = "<group>";
		};
		E7931E3A2D59A4B10059F241 /* Products */ = {
			isa = PBXGroup;
			children = (
				E7931E392D59A4B10059F241 /* Ben_test.app */,
				E7931E492D59A4B20059F241 /* Ben_testTests.xctest */,
				E7931E532D59A4B20059F241 /* Ben_testUITests.xctest */,
			);
			name = Products;
			sourceTree = "<group>";
		};
/* End PBXGroup section */

/* Begin PBXNativeTarget section */
		E7931E382D59A4B10059F241 /* Ben_test */ = {
			isa = PBXNativeTarget;
			buildConfigurationList = E7931E5D2D59A4B20059F241 /* Build configuration list for PBXNativeTarget "Ben_test" */;
			buildPhases = (
				E7931E352D59A4B10059F241 /* Sources */,
				E7931E362D59A4B10059F241 /* Frameworks */,
				E7931E372D59A4B10059F241 /* Resources */,
			);
			buildRules = (
			);
			dependencies = (
			);
			fileSystemSynchronizedGroups = (
				E7931E3B2D59A4B10059F241 /* Ben_test */,
			);
			name = Ben_test;
			packageProductDependencies = (
			);
			productName = Ben_test;
			productReference = E7931E392D59A4B10059F241 /* Ben_test.app */;
			productType = "com.apple.product-type.application";
		};
		E7931E482D59A4B20059F241 /* Ben_testTests */ = {
			isa = PBXNativeTarget;
			buildConfigurationList = E7931E602D59A4B20059F241 /* Build configuration list for PBXNativeTarget "Ben_testTests" */;
			buildPhases = (
				E7931E452D59A4B20059F241 /* Sources */,
				E7931E462D59A4B20059F241 /* Frameworks */,
				E7931E472D59A4B20059F241 /* Resources */,
			);
			buildRules = (
			);
			dependencies = (
				E7931E4B2D59A4B20059F241 /* PBXTargetDependency */,
			);
			fileSystemSynchronizedGroups = (
				E7931E4C2D59A4B20059F241 /* Ben_testTests */,
			);
			name = Ben_testTests;
			packageProductDependencies = (
			);
			productName = Ben_testTests;
			productReference = E7931E492D59A4B20059F241 /* Ben_testTests.xctest */;
			productType = "com.apple.product-type.bundle.unit-test";
		};
		E7931E522D59A4B20059F241 /* Ben_testUITests */ = {
			isa = PBXNativeTarget;
			buildConfigurationList = E7931E632D59A4B20059F241 /* Build configuration list for PBXNativeTarget "Ben_testUITests" */;
			buildPhases = (
				E7931E4F2D59A4B20059F241 /* Sources */,
				E7931E502D59A4B20059F241 /* Frameworks */,
				E7931E512D59A4B20059F241 /* Resources */,
			);
			buildRules = (
			);
			dependencies = (
				E7931E552D59A4B20059F241 /* PBXTargetDependency */,
			);
			fileSystemSynchronizedGroups = (
				E7931E562D59A4B20059F241 /* Ben_testUITests */,
			);
			name = Ben_testUITests;
			packageProductDependencies = (
			);
			productName = Ben_testUITests;
			productReference = E7931E532D59A4B20059F241 /* Ben_testUITests.xctest */;
			productType = "com.apple.product-type.bundle.ui-testing";
		};
/* End PBXNativeTarget section */

/* Begin PBXProject section */
		E7931E312D59A4B10059F241 /* Project object */ = {
			isa = PBXProject;
			attributes = {
				BuildIndependentTargetsInParallel = 1;
				LastSwiftUpdateCheck = 1620;
				LastUpgradeCheck = 1620;
				TargetAttributes = {
					E7931E382D59A4B10059F241 = {
						CreatedOnToolsVersion = 16.2;
					};
					E7931E482D59A4B20059F241 = {
						CreatedOnToolsVersion = 16.2;
						TestTargetID = E7931E382D59A4B10059F241;
					};
					E7931E522D59A4B20059F241 = {
						CreatedOnToolsVersion = 16.2;
						TestTargetID = E7931E382D59A4B10059F241;
					};
				};
			};
			buildConfigurationList = E7931E342D59A4B10059F241 /* Build configuration list for PBXProject "Ben_test" */;
			developmentRegion = en;
			hasScannedForEncodings = 0;
			knownRegions = (
				en,
				Base,
			);
			mainGroup = E7931E302D59A4B10059F241;
			minimizedProjectReferenceProxies = 1;
			preferredProjectObjectVersion = 77;
			productRefGroup = E7931E3A2D59A4B10059F241 /* Products */;
			projectDirPath = "";
			projectRoot = "";
			targets = (
				E7931E382D59A4B10059F241 /* Ben_test */,
				E7931E482D59A4B20059F241 /* Ben_testTests */,
				E7931E522D59A4B20059F241 /* Ben_testUITests */,
			);
		};
/* End PBXProject section */

/* Begin PBXResourcesBuildPhase section */
		E7931E372D59A4B10059F241 /* Resources */ = {
			isa = PBXResourcesBuildPhase;
			buildActionMask = 2147483647;
			files = (
			);
			runOnlyForDeploymentPostprocessing = 0;
		};
		E7931E472D59A4B20059F241 /* Resources */ = {
			isa = PBXResourcesBuildPhase;
			buildActionMask = 2147483647;
			files = (
			);
			runOnlyForDeploymentPostprocessing = 0;
		};
		E7931E512D59A4B20059F241 /* Resources */ = {
			isa = PBXResourcesBuildPhase;
			buildActionMask = 2147483647;
			files = (
			);
			runOnlyForDeploymentPostprocessing = 0;
		};
/* End PBXResourcesBuildPhase section */

/* Begin PBXSourcesBuildPhase section */
		E7931E352D59A4B10059F241 /* Sources */ = {
			isa = PBXSourcesBuildPhase;
			buildActionMask = 2147483647;
			files = (
			);
			runOnlyForDeploymentPostprocessing = 0;
		};
		E7931E452D59A4B20059F241 /* Sources */ = {
			isa = PBXSourcesBuildPhase;
			buildActionMask = 2147483647;
			files = (
			);
			runOnlyForDeploymentPostprocessing = 0;
		};
		E7931E4F2D59A4B20059F241 /* Sources */ = {
			isa = PBXSourcesBuildPhase;
			buildActionMask = 2147483647;
			files = (
			);
			runOnlyForDeploymentPostprocessing = 0;
		};
/* End PBXSourcesBuildPhase section */

/* Begin PBXTargetDependency section */
		E7931E4B2D59A4B20059F241 /* PBXTargetDependency */ = {
			isa = PBXTargetDependency;
			target = E7931E382D59A4B10059F241 /* Ben_test */;
			targetProxy = E7931E4A2D59A4B20059F241 /* PBXContainerItemProxy */;
		};
		E7931E552D59A4B20059F241 /* PBXTargetDependency */ = {
			isa = PBXTargetDependency;
			target = E7931E382D59A4B10059F241 /* Ben_test */;
			targetProxy = E7931E542D59A4B20059F241 /* PBXContainerItemProxy */;
		};
/* End PBXTargetDependency section */

/* Begin XCBuildConfiguration section */
		E7931E5B2D59A4B20059F241 /* Debug */ = {
			isa = XCBuildConfiguration;
			buildSettings = {
				ALWAYS_SEARCH_USER_PATHS = NO;
				ASSETCATALOG_COMPILER_GENERATE_SWIFT_ASSET_SYMBOL_EXTENSIONS = YES;
				CLANG_ANALYZER_NONNULL = YES;
				CLANG_ANALYZER_NUMBER_OBJECT_CONVERSION = YES_AGGRESSIVE;
				CLANG_CXX_LANGUAGE_STANDARD = "gnu++20";
				CLANG_ENABLE_MODULES = YES;
				CLANG_ENABLE_OBJC_ARC = YES;
				CLANG_ENABLE_OBJC_WEAK = YES;
				CLANG_WARN_BLOCK_CAPTURE_AUTORELEASING = YES;
				CLANG_WARN_BOOL_CONVERSION = YES;
				CLANG_WARN_COMMA = YES;
				CLANG_WARN_CONSTANT_CONVERSION = YES;
				CLANG_WARN_DEPRECATED_OBJC_IMPLEMENTATIONS = YES;
				CLANG_WARN_DIRECT_OBJC_ISA_USAGE = YES_ERROR;
				CLANG_WARN_DOCUMENTATION_COMMENTS = YES;
				CLANG_WARN_EMPTY_BODY = YES;
				CLANG_WARN_ENUM_CONVERSION = YES;
				CLANG_WARN_INFINITE_RECURSION = YES;
				CLANG_WARN_INT_CONVERSION = YES;
				CLANG_WARN_NON_LITERAL_NULL_CONVERSION = YES;
				CLANG_WARN_OBJC_IMPLICIT_RETAIN_SELF = YES;
				CLANG_WARN_OBJC_LITERAL_CONVERSION = YES;
				CLANG_WARN_OBJC_ROOT_CLASS = YES_ERROR;
				CLANG_WARN_QUOTED_INCLUDE_IN_FRAMEWORK_HEADER = YES;
				CLANG_WARN_RANGE_LOOP_ANALYSIS = YES;
				CLANG_WARN_STRICT_PROTOTYPES = YES;
				CLANG_WARN_SUSPICIOUS_MOVE = YES;
				CLANG_WARN_UNGUARDED_AVAILABILITY = YES_AGGRESSIVE;
				CLANG_WARN_UNREACHABLE_CODE = YES;
				CLANG_WARN__DUPLICATE_METHOD_MATCH = YES;
				COPY_PHASE_STRIP = NO;
				DEBUG_INFORMATION_FORMAT = dwarf;
				ENABLE_STRICT_OBJC_MSGSEND = YES;
				ENABLE_TESTABILITY = YES;
				ENABLE_USER_SCRIPT_SANDBOXING = YES;
				GCC_C_LANGUAGE_STANDARD = gnu17;
				GCC_DYNAMIC_NO_PIC = NO;
				GCC_NO_COMMON_BLOCKS = YES;
				GCC_OPTIMIZATION_LEVEL = 0;
				GCC_PREPROCESSOR_DEFINITIONS = (
					"DEBUG=1",
					"$(inherited)",
				);
				GCC_WARN_64_TO_32_BIT_CONVERSION = YES;
				GCC_WARN_ABOUT_RETURN_TYPE = YES_ERROR;
				GCC_WARN_UNDECLARED_SELECTOR = YES;
				GCC_WARN_UNINITIALIZED_AUTOS = YES_AGGRESSIVE;
				GCC_WARN_UNUSED_FUNCTION = YES;
				GCC_WARN_UNUSED_VARIABLE = YES;
				INFOPLIST_KEY_NSMicrophoneUsageDescription = "This app requires access to the microphone to capture audio for speech recognition.";
				INFOPLIST_KEY_NSSpeechRecognitionUsageDescription = "This app requires speech recognition to process your voice commands and improve your experience.";
				IPHONEOS_DEPLOYMENT_TARGET = 18.2;
				LOCALIZATION_PREFERS_STRING_CATALOGS = YES;
				MTL_ENABLE_DEBUG_INFO = INCLUDE_SOURCE;
				MTL_FAST_MATH = YES;
				ONLY_ACTIVE_ARCH = YES;
				SDKROOT = iphoneos;
				SWIFT_ACTIVE_COMPILATION_CONDITIONS = "DEBUG $(inherited)";
				SWIFT_OPTIMIZATION_LEVEL = "-Onone";
			};
			name = Debug;
		};
		E7931E5C2D59A4B20059F241 /* Release */ = {
			isa = XCBuildConfiguration;
			buildSettings = {
				ALWAYS_SEARCH_USER_PATHS = NO;
				ASSETCATALOG_COMPILER_GENERATE_SWIFT_ASSET_SYMBOL_EXTENSIONS = YES;
				CLANG_ANALYZER_NONNULL = YES;
				CLANG_ANALYZER_NUMBER_OBJECT_CONVERSION = YES_AGGRESSIVE;
				CLANG_CXX_LANGUAGE_STANDARD = "gnu++20";
				CLANG_ENABLE_MODULES = YES;
				CLANG_ENABLE_OBJC_ARC = YES;
				CLANG_ENABLE_OBJC_WEAK = YES;
				CLANG_WARN_BLOCK_CAPTURE_AUTORELEASING = YES;
				CLANG_WARN_BOOL_CONVERSION = YES;
				CLANG_WARN_COMMA = YES;
				CLANG_WARN_CONSTANT_CONVERSION = YES;
				CLANG_WARN_DEPRECATED_OBJC_IMPLEMENTATIONS = YES;
				CLANG_WARN_DIRECT_OBJC_ISA_USAGE = YES_ERROR;
				CLANG_WARN_DOCUMENTATION_COMMENTS = YES;
				CLANG_WARN_EMPTY_BODY = YES;
				CLANG_WARN_ENUM_CONVERSION = YES;
				CLANG_WARN_INFINITE_RECURSION = YES;
				CLANG_WARN_INT_CONVERSION = YES;
				CLANG_WARN_NON_LITERAL_NULL_CONVERSION = YES;
				CLANG_WARN_OBJC_IMPLICIT_RETAIN_SELF = YES;
				CLANG_WARN_OBJC_LITERAL_CONVERSION = YES;
				CLANG_WARN_OBJC_ROOT_CLASS = YES_ERROR;
				CLANG_WARN_QUOTED_INCLUDE_IN_FRAMEWORK_HEADER = YES;
				CLANG_WARN_RANGE_LOOP_ANALYSIS = YES;
				CLANG_WARN_STRICT_PROTOTYPES = YES;
				CLANG_WARN_SUSPICIOUS_MOVE = YES;
				CLANG_WARN_UNGUARDED_AVAILABILITY = YES_AGGRESSIVE;
				CLANG_WARN_UNREACHABLE_CODE = YES;
				CLANG_WARN__DUPLICATE_METHOD_MATCH = YES;
				COPY_PHASE_STRIP = NO;
				DEBUG_INFORMATION_FORMAT = "dwarf-with-dsym";
				ENABLE_NS_ASSERTIONS = NO;
				ENABLE_STRICT_OBJC_MSGSEND = YES;
				ENABLE_USER_SCRIPT_SANDBOXING = YES;
				GCC_C_LANGUAGE_STANDARD = gnu17;
				GCC_NO_COMMON_BLOCKS = YES;
				GCC_WARN_64_TO_32_BIT_CONVERSION = YES;
				GCC_WARN_ABOUT_RETURN_TYPE = YES_ERROR;
				GCC_WARN_UNDECLARED_SELECTOR = YES;
				GCC_WARN_UNINITIALIZED_AUTOS = YES_AGGRESSIVE;
				GCC_WARN_UNUSED_FUNCTION = YES;
				GCC_WARN_UNUSED_VARIABLE = YES;
				INFOPLIST_KEY_NSMicrophoneUsageDescription = "This app requires access to the microphone to capture audio for speech recognition.";
				INFOPLIST_KEY_NSSpeechRecognitionUsageDescription = "This app requires speech recognition to process your voice commands and improve your experience.";
				IPHONEOS_DEPLOYMENT_TARGET = 18.2;
				LOCALIZATION_PREFERS_STRING_CATALOGS = YES;
				MTL_ENABLE_DEBUG_INFO = NO;
				MTL_FAST_MATH = YES;
				SDKROOT = iphoneos;
				SWIFT_COMPILATION_MODE = wholemodule;
				VALIDATE_PRODUCT = YES;
			};
			name = Release;
		};
		E7931E5E2D59A4B20059F241 /* Debug */ = {
			isa = XCBuildConfiguration;
			buildSettings = {
				ASSETCATALOG_COMPILER_APPICON_NAME = AppIcon;
				ASSETCATALOG_COMPILER_GLOBAL_ACCENT_COLOR_NAME = AccentColor;
				CODE_SIGN_STYLE = Automatic;
				CURRENT_PROJECT_VERSION = 1;
				DEVELOPMENT_ASSET_PATHS = "\"Ben_test/Preview Content\"";
				DEVELOPMENT_TEAM = XW629JH9MV;
				ENABLE_PREVIEWS = YES;
				GENERATE_INFOPLIST_FILE = YES;
				INFOPLIST_FILE = "";
				INFOPLIST_KEY_UIApplicationSceneManifest_Generation = YES;
				INFOPLIST_KEY_UIApplicationSupportsIndirectInputEvents = YES;
				INFOPLIST_KEY_UILaunchScreen_Generation = YES;
				INFOPLIST_KEY_UISupportedInterfaceOrientations_iPad = "UIInterfaceOrientationPortrait UIInterfaceOrientationPortraitUpsideDown UIInterfaceOrientationLandscapeLeft UIInterfaceOrientationLandscapeRight";
				INFOPLIST_KEY_UISupportedInterfaceOrientations_iPhone = "UIInterfaceOrientationPortrait UIInterfaceOrientationLandscapeLeft UIInterfaceOrientationLandscapeRight";
				IPHONEOS_DEPLOYMENT_TARGET = 18.0;
				LD_RUNPATH_SEARCH_PATHS = (
					"$(inherited)",
					"@executable_path/Frameworks",
				);
				MARKETING_VERSION = 1.0;
				PRODUCT_BUNDLE_IDENTIFIER = "com.study.chimansong.Ben-test";
				PRODUCT_NAME = "$(TARGET_NAME)";
				SWIFT_EMIT_LOC_STRINGS = YES;
				SWIFT_VERSION = 5.0;
				TARGETED_DEVICE_FAMILY = "1,2";
			};
			name = Debug;
		};
		E7931E5F2D59A4B20059F241 /* Release */ = {
			isa = XCBuildConfiguration;
			buildSettings = {
				ASSETCATALOG_COMPILER_APPICON_NAME = AppIcon;
				ASSETCATALOG_COMPILER_GLOBAL_ACCENT_COLOR_NAME = AccentColor;
				CODE_SIGN_STYLE = Automatic;
				CURRENT_PROJECT_VERSION = 1;
				DEVELOPMENT_ASSET_PATHS = "\"Ben_test/Preview Content\"";
				DEVELOPMENT_TEAM = XW629JH9MV;
				ENABLE_PREVIEWS = YES;
				GENERATE_INFOPLIST_FILE = YES;
				INFOPLIST_FILE = "";
				INFOPLIST_KEY_UIApplicationSceneManifest_Generation = YES;
				INFOPLIST_KEY_UIApplicationSupportsIndirectInputEvents = YES;
				INFOPLIST_KEY_UILaunchScreen_Generation = YES;
				INFOPLIST_KEY_UISupportedInterfaceOrientations_iPad = "UIInterfaceOrientationPortrait UIInterfaceOrientationPortraitUpsideDown UIInterfaceOrientationLandscapeLeft UIInterfaceOrientationLandscapeRight";
				INFOPLIST_KEY_UISupportedInterfaceOrientations_iPhone = "UIInterfaceOrientationPortrait UIInterfaceOrientationLandscapeLeft UIInterfaceOrientationLandscapeRight";
				IPHONEOS_DEPLOYMENT_TARGET = 18.0;
				LD_RUNPATH_SEARCH_PATHS = (
					"$(inherited)",
					"@executable_path/Frameworks",
				);
				MARKETING_VERSION = 1.0;
				PRODUCT_BUNDLE_IDENTIFIER = "com.study.chimansong.Ben-test";
				PRODUCT_NAME = "$(TARGET_NAME)";
				SWIFT_EMIT_LOC_STRINGS = YES;
				SWIFT_VERSION = 5.0;
				TARGETED_DEVICE_FAMILY = "1,2";
			};
			name = Release;
		};
		E7931E612D59A4B20059F241 /* Debug */ = {
			isa = XCBuildConfiguration;
			buildSettings = {
				BUNDLE_LOADER = "$(TEST_HOST)";
				CODE_SIGN_STYLE = Automatic;
				CURRENT_PROJECT_VERSION = 1;
				DEVELOPMENT_TEAM = XW629JH9MV;
				GENERATE_INFOPLIST_FILE = YES;
				IPHONEOS_DEPLOYMENT_TARGET = 18.0;
				MARKETING_VERSION = 1.0;
				PRODUCT_BUNDLE_IDENTIFIER = "com.study.chimansong.Ben-testTests";
				PRODUCT_NAME = "$(TARGET_NAME)";
				SWIFT_EMIT_LOC_STRINGS = NO;
				SWIFT_VERSION = 5.0;
				TARGETED_DEVICE_FAMILY = "1,2";
				TEST_HOST = "$(BUILT_PRODUCTS_DIR)/Ben_test.app/$(BUNDLE_EXECUTABLE_FOLDER_PATH)/Ben_test";
			};
			name = Debug;
		};
		E7931E622D59A4B20059F241 /* Release */ = {
			isa = XCBuildConfiguration;
			buildSettings = {
				BUNDLE_LOADER = "$(TEST_HOST)";
				CODE_SIGN_STYLE = Automatic;
				CURRENT_PROJECT_VERSION = 1;
				DEVELOPMENT_TEAM = XW629JH9MV;
				GENERATE_INFOPLIST_FILE = YES;
				IPHONEOS_DEPLOYMENT_TARGET = 18.0;
				MARKETING_VERSION = 1.0;
				PRODUCT_BUNDLE_IDENTIFIER = "com.study.chimansong.Ben-testTests";
				PRODUCT_NAME = "$(TARGET_NAME)";
				SWIFT_EMIT_LOC_STRINGS = NO;
				SWIFT_VERSION = 5.0;
				TARGETED_DEVICE_FAMILY = "1,2";
				TEST_HOST = "$(BUILT_PRODUCTS_DIR)/Ben_test.app/$(BUNDLE_EXECUTABLE_FOLDER_PATH)/Ben_test";
			};
			name = Release;
		};
		E7931E642D59A4B20059F241 /* Debug */ = {
			isa = XCBuildConfiguration;
			buildSettings = {
				CODE_SIGN_STYLE = Automatic;
				CURRENT_PROJECT_VERSION = 1;
				DEVELOPMENT_TEAM = XW629JH9MV;
				GENERATE_INFOPLIST_FILE = YES;
				MARKETING_VERSION = 1.0;
				PRODUCT_BUNDLE_IDENTIFIER = "com.study.chimansong.Ben-testUITests";
				PRODUCT_NAME = "$(TARGET_NAME)";
				SWIFT_EMIT_LOC_STRINGS = NO;
				SWIFT_VERSION = 5.0;
				TARGETED_DEVICE_FAMILY = "1,2";
				TEST_TARGET_NAME = Ben_test;
			};
			name = Debug;
		};
		E7931E652D59A4B20059F241 /* Release */ = {
			isa = XCBuildConfiguration;
			buildSettings = {
				CODE_SIGN_STYLE = Automatic;
				CURRENT_PROJECT_VERSION = 1;
				DEVELOPMENT_TEAM = XW629JH9MV;
				GENERATE_INFOPLIST_FILE = YES;
				MARKETING_VERSION = 1.0;
				PRODUCT_BUNDLE_IDENTIFIER = "com.study.chimansong.Ben-testUITests";
				PRODUCT_NAME = "$(TARGET_NAME)";
				SWIFT_EMIT_LOC_STRINGS = NO;
				SWIFT_VERSION = 5.0;
				TARGETED_DEVICE_FAMILY = "1,2";
				TEST_TARGET_NAME = Ben_test;
			};
			name = Release;
		};
/* End XCBuildConfiguration section */

/* Begin XCConfigurationList section */
		E7931E342D59A4B10059F241 /* Build configuration list for PBXProject "Ben_test" */ = {
			isa = XCConfigurationList;
			buildConfigurations = (
				E7931E5B2D59A4B20059F241 /* Debug */,
				E7931E5C2D59A4B20059F241 /* Release */,
			);
			defaultConfigurationIsVisible = 0;
			defaultConfigurationName = Release;
		};
		E7931E5D2D59A4B20059F241 /* Build configuration list for PBXNativeTarget "Ben_test" */ = {
			isa = XCConfigurationList;
			buildConfigurations = (
				E7931E5E2D59A4B20059F241 /* Debug */,
				E7931E5F2D59A4B20059F241 /* Release */,
			);
			defaultConfigurationIsVisible = 0;
			defaultConfigurationName = Release;
		};
		E7931E602D59A4B20059F241 /* Build configuration list for PBXNativeTarget "Ben_testTests" */ = {
			isa = XCConfigurationList;
			buildConfigurations = (
				E7931E612D59A4B20059F241 /* Debug */,
				E7931E622D59A4B20059F241 /* Release */,
			);
			defaultConfigurationIsVisible = 0;
			defaultConfigurationName = Release;
		};
		E7931E632D59A4B20059F241 /* Build configuration list for PBXNativeTarget "Ben_testUITests" */ = {
			isa = XCConfigurationList;
			buildConfigurations = (
				E7931E642D59A4B20059F241 /* Debug */,
				E7931E652D59A4B20059F241 /* Release */,
			);
			defaultConfigurationIsVisible = 0;
			defaultConfigurationName = Release;
		};
/* End XCConfigurationList section */
	};
	rootObject = E7931E312D59A4B10059F241 /* Project object */;
}
